// !$*UTF8*$!
{
	archiveVersion = 1;
	classes = {
	};
	objectVersion = 56;
	objects = {

/* Begin PBXBuildFile section */
		A545B54B296FDEAB003E51EC /* NotesStore.swift in Sources */ = {isa = PBXBuildFile; fileRef = A545B54A296FDEAB003E51EC /* NotesStore.swift */; };
		A545B54D296FEE7C003E51EC /* DetailNoteViewController.swift in Sources */ = {isa = PBXBuildFile; fileRef = A545B54C296FEE7C003E51EC /* DetailNoteViewController.swift */; };
		A545B550296FEF16003E51EC /* BaseViewController.swift in Sources */ = {isa = PBXBuildFile; fileRef = A545B54F296FEF16003E51EC /* BaseViewController.swift */; };
		A545B552296FF132003E51EC /* DetailNoteView.swift in Sources */ = {isa = PBXBuildFile; fileRef = A545B551296FF132003E51EC /* DetailNoteView.swift */; };
		A545B55429713969003E51EC /* BaseView.swift in Sources */ = {isa = PBXBuildFile; fileRef = A545B55329713969003E51EC /* BaseView.swift */; };
		A5AAB236296D935900BBFE7B /* AppDelegate.swift in Sources */ = {isa = PBXBuildFile; fileRef = A5AAB235296D935900BBFE7B /* AppDelegate.swift */; };
		A5AAB238296D935900BBFE7B /* SceneDelegate.swift in Sources */ = {isa = PBXBuildFile; fileRef = A5AAB237296D935900BBFE7B /* SceneDelegate.swift */; };
		A5AAB23A296D935900BBFE7B /* NoteListViewController.swift in Sources */ = {isa = PBXBuildFile; fileRef = A5AAB239296D935900BBFE7B /* NoteListViewController.swift */; };
		A5AAB240296D935900BBFE7B /* Notes.xcdatamodeld in Sources */ = {isa = PBXBuildFile; fileRef = A5AAB23E296D935900BBFE7B /* Notes.xcdatamodeld */; };
		A5AAB242296D935B00BBFE7B /* Assets.xcassets in Resources */ = {isa = PBXBuildFile; fileRef = A5AAB241296D935B00BBFE7B /* Assets.xcassets */; };
		A5AAB245296D935B00BBFE7B /* LaunchScreen.storyboard in Resources */ = {isa = PBXBuildFile; fileRef = A5AAB243296D935B00BBFE7B /* LaunchScreen.storyboard */; };
		A5AAB255296DA7BC00BBFE7B /* NavigationController.swift in Sources */ = {isa = PBXBuildFile; fileRef = A5AAB254296DA7BC00BBFE7B /* NavigationController.swift */; };
		A5AAB257296DA85F00BBFE7B /* Constans.swift in Sources */ = {isa = PBXBuildFile; fileRef = A5AAB256296DA85F00BBFE7B /* Constans.swift */; };
		A5AAB25B296DA9DA00BBFE7B /* NoteListTableView.swift in Sources */ = {isa = PBXBuildFile; fileRef = A5AAB25A296DA9DA00BBFE7B /* NoteListTableView.swift */; };
		A5AAB25E296DAA8A00BBFE7B /* TableViewCell+.swift in Sources */ = {isa = PBXBuildFile; fileRef = A5AAB25D296DAA8A00BBFE7B /* TableViewCell+.swift */; };
		A5AAB266296DB54B00BBFE7B /* NoteListTableViewCell.swift in Sources */ = {isa = PBXBuildFile; fileRef = A5AAB265296DB54B00BBFE7B /* NoteListTableViewCell.swift */; };
		A5AAB269296DB5D500BBFE7B /* Localizable.strings in Resources */ = {isa = PBXBuildFile; fileRef = A5AAB26B296DB5D500BBFE7B /* Localizable.strings */; };
		A5AAB274296DB9F800BBFE7B /* NoteListDataSource.swift in Sources */ = {isa = PBXBuildFile; fileRef = A5AAB273296DB9F800BBFE7B /* NoteListDataSource.swift */; };
		A5AAB279296DBDBF00BBFE7B /* NoteListView.swift in Sources */ = {isa = PBXBuildFile; fileRef = A5AAB278296DBDBF00BBFE7B /* NoteListView.swift */; };
/* End PBXBuildFile section */

/* Begin PBXFileReference section */
		A545B54A296FDEAB003E51EC /* NotesStore.swift */ = {isa = PBXFileReference; lastKnownFileType = sourcecode.swift; path = NotesStore.swift; sourceTree = "<group>"; };
		A545B54C296FEE7C003E51EC /* DetailNoteViewController.swift */ = {isa = PBXFileReference; lastKnownFileType = sourcecode.swift; path = DetailNoteViewController.swift; sourceTree = "<group>"; };
		A545B54F296FEF16003E51EC /* BaseViewController.swift */ = {isa = PBXFileReference; lastKnownFileType = sourcecode.swift; path = BaseViewController.swift; sourceTree = "<group>"; };
		A545B551296FF132003E51EC /* DetailNoteView.swift */ = {isa = PBXFileReference; lastKnownFileType = sourcecode.swift; path = DetailNoteView.swift; sourceTree = "<group>"; };
		A545B55329713969003E51EC /* BaseView.swift */ = {isa = PBXFileReference; lastKnownFileType = sourcecode.swift; path = BaseView.swift; sourceTree = "<group>"; };
		A5AAB232296D935900BBFE7B /* Notes.app */ = {isa = PBXFileReference; explicitFileType = wrapper.application; includeInIndex = 0; path = Notes.app; sourceTree = BUILT_PRODUCTS_DIR; };
		A5AAB235296D935900BBFE7B /* AppDelegate.swift */ = {isa = PBXFileReference; lastKnownFileType = sourcecode.swift; path = AppDelegate.swift; sourceTree = "<group>"; };
		A5AAB237296D935900BBFE7B /* SceneDelegate.swift */ = {isa = PBXFileReference; lastKnownFileType = sourcecode.swift; path = SceneDelegate.swift; sourceTree = "<group>"; };
		A5AAB239296D935900BBFE7B /* NoteListViewController.swift */ = {isa = PBXFileReference; lastKnownFileType = sourcecode.swift; path = NoteListViewController.swift; sourceTree = "<group>"; };
		A5AAB23F296D935900BBFE7B /* Notes.xcdatamodel */ = {isa = PBXFileReference; lastKnownFileType = wrapper.xcdatamodel; path = Notes.xcdatamodel; sourceTree = "<group>"; };
		A5AAB241296D935B00BBFE7B /* Assets.xcassets */ = {isa = PBXFileReference; lastKnownFileType = folder.assetcatalog; path = Assets.xcassets; sourceTree = "<group>"; };
		A5AAB244296D935B00BBFE7B /* Base */ = {isa = PBXFileReference; lastKnownFileType = file.storyboard; name = Base; path = Base.lproj/LaunchScreen.storyboard; sourceTree = "<group>"; };
		A5AAB246296D935B00BBFE7B /* Info.plist */ = {isa = PBXFileReference; lastKnownFileType = text.plist.xml; path = Info.plist; sourceTree = "<group>"; };
		A5AAB254296DA7BC00BBFE7B /* NavigationController.swift */ = {isa = PBXFileReference; lastKnownFileType = sourcecode.swift; path = NavigationController.swift; sourceTree = "<group>"; };
		A5AAB256296DA85F00BBFE7B /* Constans.swift */ = {isa = PBXFileReference; lastKnownFileType = sourcecode.swift; path = Constans.swift; sourceTree = "<group>"; };
		A5AAB25A296DA9DA00BBFE7B /* NoteListTableView.swift */ = {isa = PBXFileReference; lastKnownFileType = sourcecode.swift; path = NoteListTableView.swift; sourceTree = "<group>"; };
		A5AAB25D296DAA8A00BBFE7B /* TableViewCell+.swift */ = {isa = PBXFileReference; lastKnownFileType = sourcecode.swift; path = "TableViewCell+.swift"; sourceTree = "<group>"; };
		A5AAB265296DB54B00BBFE7B /* NoteListTableViewCell.swift */ = {isa = PBXFileReference; lastKnownFileType = sourcecode.swift; path = NoteListTableViewCell.swift; sourceTree = "<group>"; };
		A5AAB26A296DB5D500BBFE7B /* en */ = {isa = PBXFileReference; lastKnownFileType = text.plist.strings; name = en; path = en.lproj/Localizable.strings; sourceTree = "<group>"; };
		A5AAB26C296DB5FB00BBFE7B /* ru */ = {isa = PBXFileReference; lastKnownFileType = text.plist.strings; name = ru; path = ru.lproj/LaunchScreen.strings; sourceTree = "<group>"; };
		A5AAB26D296DB5FB00BBFE7B /* ru */ = {isa = PBXFileReference; lastKnownFileType = text.plist.strings; name = ru; path = ru.lproj/Localizable.strings; sourceTree = "<group>"; };
		A5AAB273296DB9F800BBFE7B /* NoteListDataSource.swift */ = {isa = PBXFileReference; lastKnownFileType = sourcecode.swift; path = NoteListDataSource.swift; sourceTree = "<group>"; };
		A5AAB278296DBDBF00BBFE7B /* NoteListView.swift */ = {isa = PBXFileReference; lastKnownFileType = sourcecode.swift; path = NoteListView.swift; sourceTree = "<group>"; };
/* End PBXFileReference section */

/* Begin PBXFrameworksBuildPhase section */
		A5AAB22F296D935900BBFE7B /* Frameworks */ = {
			isa = PBXFrameworksBuildPhase;
			buildActionMask = 2147483647;
			files = (
			);
			runOnlyForDeploymentPostprocessing = 0;
		};
/* End PBXFrameworksBuildPhase section */

/* Begin PBXGroup section */
		A545B549296FDE94003E51EC /* Store */ = {
			isa = PBXGroup;
			children = (
				A545B54A296FDEAB003E51EC /* NotesStore.swift */,
			);
			path = Store;
			sourceTree = "<group>";
		};
		A545B54E296FEF0B003E51EC /* Base */ = {
			isa = PBXGroup;
			children = (
				A545B54F296FEF16003E51EC /* BaseViewController.swift */,
				A545B55329713969003E51EC /* BaseView.swift */,
			);
			path = Base;
			sourceTree = "<group>";
		};
		A5AAB229296D935900BBFE7B = {
			isa = PBXGroup;
			children = (
				A5AAB234296D935900BBFE7B /* Notes */,
				A5AAB233296D935900BBFE7B /* Products */,
			);
			sourceTree = "<group>";
		};
		A5AAB233296D935900BBFE7B /* Products */ = {
			isa = PBXGroup;
			children = (
				A5AAB232296D935900BBFE7B /* Notes.app */,
			);
			name = Products;
			sourceTree = "<group>";
		};
		A5AAB234296D935900BBFE7B /* Notes */ = {
			isa = PBXGroup;
			children = (
				A5AAB24F296D93E900BBFE7B /* Resources */,
				A5AAB24E296D93D100BBFE7B /* Modules */,
				A5AAB24D296D93CD00BBFE7B /* Services */,
				A5AAB24C296D93C100BBFE7B /* Application */,
			);
			path = Notes;
			sourceTree = "<group>";
		};
		A5AAB24C296D93C100BBFE7B /* Application */ = {
			isa = PBXGroup;
			children = (
				A5AAB243296D935B00BBFE7B /* LaunchScreen.storyboard */,
				A5AAB235296D935900BBFE7B /* AppDelegate.swift */,
				A5AAB237296D935900BBFE7B /* SceneDelegate.swift */,
			);
			path = Application;
			sourceTree = "<group>";
		};
		A5AAB24D296D93CD00BBFE7B /* Services */ = {
			isa = PBXGroup;
			children = (
				A545B549296FDE94003E51EC /* Store */,
				A5AAB25C296DAA7300BBFE7B /* Extensions */,
			);
			path = Services;
			sourceTree = "<group>";
		};
		A5AAB24E296D93D100BBFE7B /* Modules */ = {
			isa = PBXGroup;
			children = (
				A5AAB260296DB38E00BBFE7B /* Core */,
				A5AAB253296DA79600BBFE7B /* NavigationController */,
				A5AAB251296DA78000BBFE7B /* DetailNote */,
				A5AAB250296DA74400BBFE7B /* NoteList */,
			);
			path = Modules;
			sourceTree = "<group>";
		};
		A5AAB24F296D93E900BBFE7B /* Resources */ = {
			isa = PBXGroup;
			children = (
				A5AAB241296D935B00BBFE7B /* Assets.xcassets */,
				A5AAB246296D935B00BBFE7B /* Info.plist */,
				A5AAB23E296D935900BBFE7B /* Notes.xcdatamodeld */,
				A5AAB256296DA85F00BBFE7B /* Constans.swift */,
				A5AAB26B296DB5D500BBFE7B /* Localizable.strings */,
			);
			path = Resources;
			sourceTree = "<group>";
		};
		A5AAB250296DA74400BBFE7B /* NoteList */ = {
			isa = PBXGroup;
			children = (
				A5AAB239296D935900BBFE7B /* NoteListViewController.swift */,
				A5AAB278296DBDBF00BBFE7B /* NoteListView.swift */,
				A5AAB258296DA9C100BBFE7B /* Subviews */,
			);
			path = NoteList;
			sourceTree = "<group>";
		};
		A5AAB251296DA78000BBFE7B /* DetailNote */ = {
			isa = PBXGroup;
			children = (
				A545B54C296FEE7C003E51EC /* DetailNoteViewController.swift */,
				A545B551296FF132003E51EC /* DetailNoteView.swift */,
			);
			path = DetailNote;
			sourceTree = "<group>";
		};
		A5AAB253296DA79600BBFE7B /* NavigationController */ = {
			isa = PBXGroup;
			children = (
				A5AAB254296DA7BC00BBFE7B /* NavigationController.swift */,
			);
			path = NavigationController;
			sourceTree = "<group>";
		};
		A5AAB258296DA9C100BBFE7B /* Subviews */ = {
			isa = PBXGroup;
			children = (
				A5AAB26E296DB99000BBFE7B /* TableView */,
			);
			path = Subviews;
			sourceTree = "<group>";
		};
		A5AAB25C296DAA7300BBFE7B /* Extensions */ = {
			isa = PBXGroup;
			children = (
				A5AAB25D296DAA8A00BBFE7B /* TableViewCell+.swift */,
			);
			path = Extensions;
			sourceTree = "<group>";
		};
		A5AAB260296DB38E00BBFE7B /* Core */ = {
			isa = PBXGroup;
			children = (
				A545B54E296FEF0B003E51EC /* Base */,
			);
			path = Core;
			sourceTree = "<group>";
		};
		A5AAB26E296DB99000BBFE7B /* TableView */ = {
			isa = PBXGroup;
			children = (
				A5AAB270296DB99C00BBFE7B /* DataSource */,
				A5AAB25A296DA9DA00BBFE7B /* NoteListTableView.swift */,
				A5AAB265296DB54B00BBFE7B /* NoteListTableViewCell.swift */,
			);
			path = TableView;
			sourceTree = "<group>";
		};
		A5AAB270296DB99C00BBFE7B /* DataSource */ = {
			isa = PBXGroup;
			children = (
				A5AAB273296DB9F800BBFE7B /* NoteListDataSource.swift */,
			);
			path = DataSource;
			sourceTree = "<group>";
		};
/* End PBXGroup section */

/* Begin PBXNativeTarget section */
		A5AAB231296D935900BBFE7B /* Notes */ = {
			isa = PBXNativeTarget;
			buildConfigurationList = A5AAB249296D935B00BBFE7B /* Build configuration list for PBXNativeTarget "Notes" */;
			buildPhases = (
				A5AAB22E296D935900BBFE7B /* Sources */,
				A5AAB22F296D935900BBFE7B /* Frameworks */,
				A5AAB230296D935900BBFE7B /* Resources */,
			);
			buildRules = (
			);
			dependencies = (
			);
			name = Notes;
			productName = Notes;
			productReference = A5AAB232296D935900BBFE7B /* Notes.app */;
			productType = "com.apple.product-type.application";
		};
/* End PBXNativeTarget section */

/* Begin PBXProject section */
		A5AAB22A296D935900BBFE7B /* Project object */ = {
			isa = PBXProject;
			attributes = {
				BuildIndependentTargetsInParallel = 1;
				LastSwiftUpdateCheck = 1420;
				LastUpgradeCheck = 1420;
				TargetAttributes = {
					A5AAB231296D935900BBFE7B = {
						CreatedOnToolsVersion = 14.2;
					};
				};
			};
			buildConfigurationList = A5AAB22D296D935900BBFE7B /* Build configuration list for PBXProject "Notes" */;
			compatibilityVersion = "Xcode 14.0";
			developmentRegion = en;
			hasScannedForEncodings = 0;
			knownRegions = (
				en,
				Base,
				ru,
			);
			mainGroup = A5AAB229296D935900BBFE7B;
			productRefGroup = A5AAB233296D935900BBFE7B /* Products */;
			projectDirPath = "";
			projectRoot = "";
			targets = (
				A5AAB231296D935900BBFE7B /* Notes */,
			);
		};
/* End PBXProject section */

/* Begin PBXResourcesBuildPhase section */
		A5AAB230296D935900BBFE7B /* Resources */ = {
			isa = PBXResourcesBuildPhase;
			buildActionMask = 2147483647;
			files = (
				A5AAB245296D935B00BBFE7B /* LaunchScreen.storyboard in Resources */,
				A5AAB269296DB5D500BBFE7B /* Localizable.strings in Resources */,
				A5AAB242296D935B00BBFE7B /* Assets.xcassets in Resources */,
			);
			runOnlyForDeploymentPostprocessing = 0;
		};
/* End PBXResourcesBuildPhase section */

/* Begin PBXSourcesBuildPhase section */
		A5AAB22E296D935900BBFE7B /* Sources */ = {
			isa = PBXSourcesBuildPhase;
			buildActionMask = 2147483647;
			files = (
				A5AAB23A296D935900BBFE7B /* NoteListViewController.swift in Sources */,
				A5AAB236296D935900BBFE7B /* AppDelegate.swift in Sources */,
				A5AAB279296DBDBF00BBFE7B /* NoteListView.swift in Sources */,
				A5AAB257296DA85F00BBFE7B /* Constans.swift in Sources */,
				A5AAB266296DB54B00BBFE7B /* NoteListTableViewCell.swift in Sources */,
				A545B550296FEF16003E51EC /* BaseViewController.swift in Sources */,
				A5AAB274296DB9F800BBFE7B /* NoteListDataSource.swift in Sources */,
				A5AAB255296DA7BC00BBFE7B /* NavigationController.swift in Sources */,
				A5AAB238296D935900BBFE7B /* SceneDelegate.swift in Sources */,
				A5AAB25E296DAA8A00BBFE7B /* TableViewCell+.swift in Sources */,
				A545B552296FF132003E51EC /* DetailNoteView.swift in Sources */,
				A5AAB240296D935900BBFE7B /* Notes.xcdatamodeld in Sources */,
				A545B54D296FEE7C003E51EC /* DetailNoteViewController.swift in Sources */,
				A5AAB25B296DA9DA00BBFE7B /* NoteListTableView.swift in Sources */,
				A545B54B296FDEAB003E51EC /* NotesStore.swift in Sources */,
				A545B55429713969003E51EC /* BaseView.swift in Sources */,
			);
			runOnlyForDeploymentPostprocessing = 0;
		};
/* End PBXSourcesBuildPhase section */

/* Begin PBXVariantGroup section */
		A5AAB243296D935B00BBFE7B /* LaunchScreen.storyboard */ = {
			isa = PBXVariantGroup;
			children = (
				A5AAB244296D935B00BBFE7B /* Base */,
				A5AAB26C296DB5FB00BBFE7B /* ru */,
			);
			name = LaunchScreen.storyboard;
			sourceTree = "<group>";
		};
		A5AAB26B296DB5D500BBFE7B /* Localizable.strings */ = {
			isa = PBXVariantGroup;
			children = (
				A5AAB26A296DB5D500BBFE7B /* en */,
				A5AAB26D296DB5FB00BBFE7B /* ru */,
			);
			name = Localizable.strings;
			sourceTree = "<group>";
		};
/* End PBXVariantGroup section */

/* Begin XCBuildConfiguration section */
		A5AAB247296D935B00BBFE7B /* Debug */ = {
			isa = XCBuildConfiguration;
			buildSettings = {
				ALWAYS_SEARCH_USER_PATHS = NO;
				CLANG_ANALYZER_LOCALIZABILITY_NONLOCALIZED = YES;
				CLANG_ANALYZER_NONNULL = YES;
				CLANG_ANALYZER_NUMBER_OBJECT_CONVERSION = YES_AGGRESSIVE;
				CLANG_CXX_LANGUAGE_STANDARD = "gnu++20";
				CLANG_ENABLE_MODULES = YES;
				CLANG_ENABLE_OBJC_ARC = YES;
				CLANG_ENABLE_OBJC_WEAK = YES;
				CLANG_WARN_BLOCK_CAPTURE_AUTORELEASING = YES;
				CLANG_WARN_BOOL_CONVERSION = YES;
				CLANG_WARN_COMMA = YES;
				CLANG_WARN_CONSTANT_CONVERSION = YES;
				CLANG_WARN_DEPRECATED_OBJC_IMPLEMENTATIONS = YES;
				CLANG_WARN_DIRECT_OBJC_ISA_USAGE = YES_ERROR;
				CLANG_WARN_DOCUMENTATION_COMMENTS = YES;
				CLANG_WARN_EMPTY_BODY = YES;
				CLANG_WARN_ENUM_CONVERSION = YES;
				CLANG_WARN_INFINITE_RECURSION = YES;
				CLANG_WARN_INT_CONVERSION = YES;
				CLANG_WARN_NON_LITERAL_NULL_CONVERSION = YES;
				CLANG_WARN_OBJC_IMPLICIT_RETAIN_SELF = YES;
				CLANG_WARN_OBJC_LITERAL_CONVERSION = YES;
				CLANG_WARN_OBJC_ROOT_CLASS = YES_ERROR;
				CLANG_WARN_QUOTED_INCLUDE_IN_FRAMEWORK_HEADER = YES;
				CLANG_WARN_RANGE_LOOP_ANALYSIS = YES;
				CLANG_WARN_STRICT_PROTOTYPES = YES;
				CLANG_WARN_SUSPICIOUS_MOVE = YES;
				CLANG_WARN_UNGUARDED_AVAILABILITY = YES_AGGRESSIVE;
				CLANG_WARN_UNREACHABLE_CODE = YES;
				CLANG_WARN__DUPLICATE_METHOD_MATCH = YES;
				COPY_PHASE_STRIP = NO;
				DEBUG_INFORMATION_FORMAT = dwarf;
				ENABLE_STRICT_OBJC_MSGSEND = YES;
				ENABLE_TESTABILITY = YES;
				GCC_C_LANGUAGE_STANDARD = gnu11;
				GCC_DYNAMIC_NO_PIC = NO;
				GCC_NO_COMMON_BLOCKS = YES;
				GCC_OPTIMIZATION_LEVEL = 0;
				GCC_PREPROCESSOR_DEFINITIONS = (
					"DEBUG=1",
					"$(inherited)",
				);
				GCC_WARN_64_TO_32_BIT_CONVERSION = YES;
				GCC_WARN_ABOUT_RETURN_TYPE = YES_ERROR;
				GCC_WARN_UNDECLARED_SELECTOR = YES;
				GCC_WARN_UNINITIALIZED_AUTOS = YES_AGGRESSIVE;
				GCC_WARN_UNUSED_FUNCTION = YES;
				GCC_WARN_UNUSED_VARIABLE = YES;
				IPHONEOS_DEPLOYMENT_TARGET = 16.2;
				MTL_ENABLE_DEBUG_INFO = INCLUDE_SOURCE;
				MTL_FAST_MATH = YES;
				ONLY_ACTIVE_ARCH = YES;
				SDKROOT = iphoneos;
				SWIFT_ACTIVE_COMPILATION_CONDITIONS = DEBUG;
				SWIFT_OPTIMIZATION_LEVEL = "-Onone";
			};
			name = Debug;
		};
		A5AAB248296D935B00BBFE7B /* Release */ = {
			isa = XCBuildConfiguration;
			buildSettings = {
				ALWAYS_SEARCH_USER_PATHS = NO;
				CLANG_ANALYZER_LOCALIZABILITY_NONLOCALIZED = YES;
				CLANG_ANALYZER_NONNULL = YES;
				CLANG_ANALYZER_NUMBER_OBJECT_CONVERSION = YES_AGGRESSIVE;
				CLANG_CXX_LANGUAGE_STANDARD = "gnu++20";
				CLANG_ENABLE_MODULES = YES;
				CLANG_ENABLE_OBJC_ARC = YES;
				CLANG_ENABLE_OBJC_WEAK = YES;
				CLANG_WARN_BLOCK_CAPTURE_AUTORELEASING = YES;
				CLANG_WARN_BOOL_CONVERSION = YES;
				CLANG_WARN_COMMA = YES;
				CLANG_WARN_CONSTANT_CONVERSION = YES;
				CLANG_WARN_DEPRECATED_OBJC_IMPLEMENTATIONS = YES;
				CLANG_WARN_DIRECT_OBJC_ISA_USAGE = YES_ERROR;
				CLANG_WARN_DOCUMENTATION_COMMENTS = YES;
				CLANG_WARN_EMPTY_BODY = YES;
				CLANG_WARN_ENUM_CONVERSION = YES;
				CLANG_WARN_INFINITE_RECURSION = YES;
				CLANG_WARN_INT_CONVERSION = YES;
				CLANG_WARN_NON_LITERAL_NULL_CONVERSION = YES;
				CLANG_WARN_OBJC_IMPLICIT_RETAIN_SELF = YES;
				CLANG_WARN_OBJC_LITERAL_CONVERSION = YES;
				CLANG_WARN_OBJC_ROOT_CLASS = YES_ERROR;
				CLANG_WARN_QUOTED_INCLUDE_IN_FRAMEWORK_HEADER = YES;
				CLANG_WARN_RANGE_LOOP_ANALYSIS = YES;
				CLANG_WARN_STRICT_PROTOTYPES = YES;
				CLANG_WARN_SUSPICIOUS_MOVE = YES;
				CLANG_WARN_UNGUARDED_AVAILABILITY = YES_AGGRESSIVE;
				CLANG_WARN_UNREACHABLE_CODE = YES;
				CLANG_WARN__DUPLICATE_METHOD_MATCH = YES;
				COPY_PHASE_STRIP = NO;
				DEBUG_INFORMATION_FORMAT = "dwarf-with-dsym";
				ENABLE_NS_ASSERTIONS = NO;
				ENABLE_STRICT_OBJC_MSGSEND = YES;
				GCC_C_LANGUAGE_STANDARD = gnu11;
				GCC_NO_COMMON_BLOCKS = YES;
				GCC_WARN_64_TO_32_BIT_CONVERSION = YES;
				GCC_WARN_ABOUT_RETURN_TYPE = YES_ERROR;
				GCC_WARN_UNDECLARED_SELECTOR = YES;
				GCC_WARN_UNINITIALIZED_AUTOS = YES_AGGRESSIVE;
				GCC_WARN_UNUSED_FUNCTION = YES;
				GCC_WARN_UNUSED_VARIABLE = YES;
				IPHONEOS_DEPLOYMENT_TARGET = 16.2;
				MTL_ENABLE_DEBUG_INFO = NO;
				MTL_FAST_MATH = YES;
				SDKROOT = iphoneos;
				SWIFT_COMPILATION_MODE = wholemodule;
				SWIFT_OPTIMIZATION_LEVEL = "-O";
				VALIDATE_PRODUCT = YES;
			};
			name = Release;
		};
		A5AAB24A296D935B00BBFE7B /* Debug */ = {
			isa = XCBuildConfiguration;
			buildSettings = {
				ASSETCATALOG_COMPILER_APPICON_NAME = AppIcon;
				ASSETCATALOG_COMPILER_GLOBAL_ACCENT_COLOR_NAME = AccentColor;
				CODE_SIGN_STYLE = Automatic;
				CURRENT_PROJECT_VERSION = 1;
				DEVELOPMENT_TEAM = 65JLP27XM7;
				GENERATE_INFOPLIST_FILE = YES;
				INFOPLIST_FILE = Notes/Resources/Info.plist;
				INFOPLIST_KEY_UIApplicationSupportsIndirectInputEvents = YES;
				INFOPLIST_KEY_UILaunchStoryboardName = LaunchScreen;
				INFOPLIST_KEY_UIMainStoryboardFile = "";
				INFOPLIST_KEY_UISupportedInterfaceOrientations = "UIInterfaceOrientationLandscapeLeft UIInterfaceOrientationLandscapeRight UIInterfaceOrientationPortrait";
				INFOPLIST_KEY_UISupportedInterfaceOrientations_iPad = "UIInterfaceOrientationLandscapeLeft UIInterfaceOrientationLandscapeRight UIInterfaceOrientationPortrait UIInterfaceOrientationPortraitUpsideDown";
				LD_RUNPATH_SEARCH_PATHS = (
					"$(inherited)",
					"@executable_path/Frameworks",
				);
				MARKETING_VERSION = 1.0;
				PRODUCT_BUNDLE_IDENTIFIER = DaniilSimakhin.Notes;
				PRODUCT_NAME = "$(TARGET_NAME)";
				SWIFT_EMIT_LOC_STRINGS = YES;
				SWIFT_VERSION = 5.0;
				TARGETED_DEVICE_FAMILY = "1,2";
			};
			name = Debug;
		};
		A5AAB24B296D935B00BBFE7B /* Release */ = {
			isa = XCBuildConfiguration;
			buildSettings = {
				ASSETCATALOG_COMPILER_APPICON_NAME = AppIcon;
				ASSETCATALOG_COMPILER_GLOBAL_ACCENT_COLOR_NAME = AccentColor;
				CODE_SIGN_STYLE = Automatic;
				CURRENT_PROJECT_VERSION = 1;
				DEVELOPMENT_TEAM = 65JLP27XM7;
				GENERATE_INFOPLIST_FILE = YES;
				INFOPLIST_FILE = Notes/Resources/Info.plist;
				INFOPLIST_KEY_UIApplicationSupportsIndirectInputEvents = YES;
				INFOPLIST_KEY_UILaunchStoryboardName = LaunchScreen;
				INFOPLIST_KEY_UIMainStoryboardFile = "";
				INFOPLIST_KEY_UISupportedInterfaceOrientations = "UIInterfaceOrientationLandscapeLeft UIInterfaceOrientationLandscapeRight UIInterfaceOrientationPortrait";
				INFOPLIST_KEY_UISupportedInterfaceOrientations_iPad = "UIInterfaceOrientationLandscapeLeft UIInterfaceOrientationLandscapeRight UIInterfaceOrientationPortrait UIInterfaceOrientationPortraitUpsideDown";
				LD_RUNPATH_SEARCH_PATHS = (
					"$(inherited)",
					"@executable_path/Frameworks",
				);
				MARKETING_VERSION = 1.0;
				PRODUCT_BUNDLE_IDENTIFIER = DaniilSimakhin.Notes;
				PRODUCT_NAME = "$(TARGET_NAME)";
				SWIFT_EMIT_LOC_STRINGS = YES;
				SWIFT_VERSION = 5.0;
				TARGETED_DEVICE_FAMILY = "1,2";
			};
			name = Release;
		};
/* End XCBuildConfiguration section */

/* Begin XCConfigurationList section */
		A5AAB22D296D935900BBFE7B /* Build configuration list for PBXProject "Notes" */ = {
			isa = XCConfigurationList;
			buildConfigurations = (
				A5AAB247296D935B00BBFE7B /* Debug */,
				A5AAB248296D935B00BBFE7B /* Release */,
			);
			defaultConfigurationIsVisible = 0;
			defaultConfigurationName = Release;
		};
		A5AAB249296D935B00BBFE7B /* Build configuration list for PBXNativeTarget "Notes" */ = {
			isa = XCConfigurationList;
			buildConfigurations = (
				A5AAB24A296D935B00BBFE7B /* Debug */,
				A5AAB24B296D935B00BBFE7B /* Release */,
			);
			defaultConfigurationIsVisible = 0;
			defaultConfigurationName = Release;
		};
/* End XCConfigurationList section */

/* Begin XCVersionGroup section */
		A5AAB23E296D935900BBFE7B /* Notes.xcdatamodeld */ = {
			isa = XCVersionGroup;
			children = (
				A5AAB23F296D935900BBFE7B /* Notes.xcdatamodel */,
			);
			currentVersion = A5AAB23F296D935900BBFE7B /* Notes.xcdatamodel */;
			path = Notes.xcdatamodeld;
			sourceTree = "<group>";
			versionGroupType = wrapper.xcdatamodel;
		};
/* End XCVersionGroup section */
	};
	rootObject = A5AAB22A296D935900BBFE7B /* Project object */;
}
